
Microsoft Visual Studio Solution File, Format Version 12.00
# Visual Studio 15
VisualStudioVersion = 15.0.27428.2037
MinimumVisualStudioVersion = 10.0.40219.1
Project("{FAE04EC0-301F-11D3-BF4B-00C04F79EFBC}") = "PruebaChicos", "PruebaChicos\PruebaChicos.csproj", "{4FDD62BB-C1FE-47F1-9389-D26B1BE6170F}"
EndProject
Global
	GlobalSection(SolutionConfigurationPlatforms) = preSolution
		Debug|Any CPU = Debug|Any CPU
		Release|Any CPU = Release|Any CPU
	EndGlobalSection
	GlobalSection(ProjectConfigurationPlatforms) = postSolution
		{4FDD62BB-C1FE-47F1-9389-D26B1BE6170F}.Debug|Any CPU.ActiveCfg = Debug|Any CPU
		{4FDD62BB-C1FE-47F1-9389-D26B1BE6170F}.Debug|Any CPU.Build.0 = Debug|Any CPU
		{4FDD62BB-C1FE-47F1-9389-D26B1BE6170F}.Release|Any CPU.ActiveCfg = Release|Any CPU
		{4FDD62BB-C1FE-47F1-9389-D26B1BE6170F}.Release|Any CPU.Build.0 = Release|Any CPU
	EndGlobalSection
	GlobalSection(SolutionProperties) = preSolution
		HideSolutionNode = FALSE
	EndGlobalSection
	GlobalSection(ExtensibilityGlobals) = postSolution
		SolutionGuid = {D139FCF8-5653-4D6A-A62B-51565745E628}
	EndGlobalSection
EndGlobal
